{
  "originHash" : "5dccbea9889551368c7dc7cdb4ba8c3b1c6ee54ded26b7e8b55c4515382ecc95",
  "pins" : [
    {
      "identity" : "bigint",
      "kind" : "remoteSourceControl",
      "location" : "https://github.com/attaswift/BigInt.git",
      "state" : {
        "revision" : "99c4b9fb0f52dc9182aee106b07c3d205583b98c",
        "version" : "5.6.0"
      }
    },
    {
      "identity" : "blackbird",
      "kind" : "remoteSourceControl",
      "location" : "https://github.com/marcoarment/Blackbird.git",
      "state" : {
        "revision" : "e2bf935089cd7620031ea342eaf96bf4ba3a22dc",
        "version" : "0.5.0"
      }
    },
    {
      "identity" : "buttonkit",
      "kind" : "remoteSourceControl",
      "location" : "https://github.com/Dean151/ButtonKit.git",
      "state" : {
        "revision" : "5d049dec3ec474ea2ad79eb4acd066edeacb9953",
        "version" : "0.6.1"
      }
    },
    {
      "identity" : "citadel",
      "kind" : "remoteSourceControl",
      "location" : "https://github.com/orlandos-nl/Citadel.git",
      "state" : {
        "revision" : "a4059d8cbd58408ea5fd9941dc3c461c9334b6d9",
        "version" : "0.10.1"
      }
    },
    {
      "identity" : "keychainaccess",
      "kind" : "remoteSourceControl",
      "location" : "https://github.com/kishikawakatsumi/KeychainAccess.git",
      "state" : {
        "branch" : "master",
        "revision" : "e0c7eebc5a4465a3c4680764f26b7a61f567cdaf"
      }
    },
    {
      "identity" : "libssh2prebuild",
      "kind" : "remoteSourceControl",
      "location" : "https://github.com/migueldeicaza/Libssh2Prebuild",
      "state" : {
        "branch" : "master",
        "revision" : "2b9a34880aa7906a76872ac03077ea5aa313c72b"
      }
    },
    {
      "identity" : "swift-atomics",
      "kind" : "remoteSourceControl",
      "location" : "https://github.com/apple/swift-atomics.git",
      "state" : {
        "revision" : "b601256eab081c0f92f059e12818ac1d4f178ff7",
        "version" : "1.3.0"
      }
    },
    {
      "identity" : "swift-collections",
      "kind" : "remoteSourceControl",
      "location" : "https://github.com/apple/swift-collections.git",
      "state" : {
        "revision" : "c1805596154bb3a265fd91b8ac0c4433b4348fb0",
        "version" : "1.2.0"
      }
    },
    {
      "identity" : "swift-crypto",
      "kind" : "remoteSourceControl",
      "location" : "https://github.com/apple/swift-crypto.git",
      "state" : {
        "revision" : "067254c79435de759aeef4a6a03e43d087d61312",
        "version" : "2.0.5"
      }
    },
    {
      "identity" : "swift-log",
      "kind" : "remoteSourceControl",
      "location" : "https://github.com/apple/swift-log.git",
      "state" : {
        "revision" : "3d8596ed08bd13520157f0355e35caed215ffbfa",
        "version" : "1.6.3"
      }
    },
    {
      "identity" : "swift-nio",
      "kind" : "remoteSourceControl",
      "location" : "https://github.com/apple/swift-nio.git",
      "state" : {
        "revision" : "34d486b01cd891297ac615e40d5999536a1e138d",
        "version" : "2.83.0"
      }
    },
    {
      "identity" : "swift-nio-ssh",
      "kind" : "remoteSourceControl",
      "location" : "https://github.com/Joannis/swift-nio-ssh.git",
      "state" : {
        "revision" : "0b3992e7acfdbf765aecd5e20bd8831d33d42453",
        "version" : "0.3.3"
      }
    },
    {
      "identity" : "swift-system",
      "kind" : "remoteSourceControl",
      "location" : "https://github.com/apple/swift-system.git",
      "state" : {
        "revision" : "61e4ca4b81b9e09e2ec863b00c340eb13497dac6",
        "version" : "1.5.0"
      }
    },
    {
      "identity" : "swiftsdk",
      "kind" : "remoteSourceControl",
      "location" : "https://github.com/TelemetryDeck/SwiftSDK",
      "state" : {
        "revision" : "a7fd1eb469589a3c8fd8cc3abe19b092b5d674dc",
        "version" : "2.9.4"
      }
    },
    {
      "identity" : "swiftsh",
      "kind" : "remoteSourceControl",
      "location" : "https://github.com/migueldeicaza/SwiftSH",
      "state" : {
        "revision" : "3f2dd003fcfe03194bd7ce3701646a818abeb1f8",
        "version" : "0.2.0"
      }
    }
  ],
  "version" : 3
}
