// !$*UTF8*$!
{
	archiveVersion = 1;
	classes = {
	};
	objectVersion = 77;
	objects = {

/* Begin PBXBuildFile section */
		3804821C2DA15A3500193CF5 /* TelemetryDeck in Frameworks */ = {isa = PBXBuildFile; productRef = 3804821B2DA15A3500193CF5 /* TelemetryDeck */; };
		380482212DA15B2800193CF5 /* TelemetryDeck in Frameworks */ = {isa = PBXBuildFile; productRef = 380482202DA15B2800193CF5 /* TelemetryDeck */; };
		380A104A2D438650009F3D42 /* Blackbird in Frameworks */ = {isa = PBXBuildFile; productRef = 380A10492D438650009F3D42 /* Blackbird */; };
		384638B82D4030F900AA796B /* ButtonKit in Frameworks */ = {isa = PBXBuildFile; productRef = 384638B72D4030F900AA796B /* ButtonKit */; };
		384638BB2D40310800AA796B /* KeychainAccess in Frameworks */ = {isa = PBXBuildFile; productRef = 384638BA2D40310800AA796B /* KeychainAccess */; };
		384638BE2D40312100AA796B /* Citadel in Frameworks */ = {isa = PBXBuildFile; productRef = 384638BD2D40312100AA796B /* Citadel */; };
		389343C12D6474A00052277F /* WidgetKit.framework in Frameworks */ = {isa = PBXBuildFile; fileRef = 389097432D61F352001624D6 /* WidgetKit.framework */; };
		389343D82D6475360052277F /* ButtonKit in Frameworks */ = {isa = PBXBuildFile; productRef = 389343D72D6475360052277F /* ButtonKit */; };
		389343E72D6476EF0052277F /* KeychainAccess in Frameworks */ = {isa = PBXBuildFile; productRef = 389343E62D6476EF0052277F /* KeychainAccess */; };
		389343E92D6476EF0052277F /* Citadel in Frameworks */ = {isa = PBXBuildFile; productRef = 389343E82D6476EF0052277F /* Citadel */; };
		389343EB2D6476EF0052277F /* Blackbird in Frameworks */ = {isa = PBXBuildFile; productRef = 389343EA2D6476EF0052277F /* Blackbird */; };
		38CA62D52D83692D00323394 /* CSSH in Frameworks */ = {isa = PBXBuildFile; productRef = 38CA62D42D83692D00323394 /* CSSH */; };
		39F3A0012E00000100000001 /* SwiftSH in Frameworks */ = {isa = PBXBuildFile; productRef = 39F3A0022E00000100000001 /* SwiftSH */; };
/* End PBXBuildFile section */

/* Begin PBXContainerItemProxy section */
		3833194A2D356EC3006CDAEA /* PBXContainerItemProxy */ = {
			isa = PBXContainerItemProxy;
			containerPortal = 383319302D356EC0006CDAEA /* Project object */;
			proxyType = 1;
			remoteGlobalIDString = 383319372D356EC0006CDAEA;
			remoteInfo = ContainEye;
		};
		383319542D356EC3006CDAEA /* PBXContainerItemProxy */ = {
			isa = PBXContainerItemProxy;
			containerPortal = 383319302D356EC0006CDAEA /* Project object */;
			proxyType = 1;
			remoteGlobalIDString = 383319372D356EC0006CDAEA;
			remoteInfo = ContainEye;
		};
/* End PBXContainerItemProxy section */

/* Begin PBXCopyFilesBuildPhase section */
		381E17192D4D3E6D008BFDCD /* Embed ExtensionKit Extensions */ = {
			isa = PBXCopyFilesBuildPhase;
			buildActionMask = 2147483647;
			dstPath = "$(EXTENSIONS_FOLDER_PATH)";
			dstSubfolderSpec = 16;
			files = (
			);
			name = "Embed ExtensionKit Extensions";
			runOnlyForDeploymentPostprocessing = 0;
		};
/* End PBXCopyFilesBuildPhase section */

/* Begin PBXFileReference section */
		383319382D356EC0006CDAEA /* ContainEye.app */ = {isa = PBXFileReference; explicitFileType = wrapper.application; includeInIndex = 0; path = ContainEye.app; sourceTree = BUILT_PRODUCTS_DIR; };
		383319492D356EC3006CDAEA /* ContainEyeTests.xctest */ = {isa = PBXFileReference; explicitFileType = wrapper.cfbundle; includeInIndex = 0; path = ContainEyeTests.xctest; sourceTree = BUILT_PRODUCTS_DIR; };
		383319532D356EC3006CDAEA /* ContainEyeUITests.xctest */ = {isa = PBXFileReference; explicitFileType = wrapper.cfbundle; includeInIndex = 0; path = ContainEyeUITests.xctest; sourceTree = BUILT_PRODUCTS_DIR; };
		389097432D61F352001624D6 /* WidgetKit.framework */ = {isa = PBXFileReference; lastKnownFileType = wrapper.framework; name = WidgetKit.framework; path = System/Library/Frameworks/WidgetKit.framework; sourceTree = SDKROOT; };
		389343C02D6474A00052277F /* TestsWidgetExtension.appex */ = {isa = PBXFileReference; explicitFileType = "wrapper.app-extension"; includeInIndex = 0; path = TestsWidgetExtension.appex; sourceTree = BUILT_PRODUCTS_DIR; };
/* End PBXFileReference section */

/* Begin PBXFileSystemSynchronizedBuildFileExceptionSet section */
		389343D32D6474A10052277F /* Exceptions for "TestsWidget" folder in "TestsWidgetExtension" target */ = {
			isa = PBXFileSystemSynchronizedBuildFileExceptionSet;
			membershipExceptions = (
				Info.plist,
			);
			target = 389343BF2D6474A00052277F /* TestsWidgetExtension */;
		};
		389343D52D6474ED0052277F /* Exceptions for "ContainEye" folder in "TestsWidgetExtension" target */ = {
			isa = PBXFileSystemSynchronizedBuildFileExceptionSet;
			membershipExceptions = (
				AppIntents/TestServer.swift,
				AppIntents/TestServers.swift,
				Data/Container.swift,
				Data/Credential.swift,
				Data/DataStreamerError.swift,
				"Data/Error+GenerateDescription.swift",
				Data/Logger.swift,
				Data/Process.swift,
				Data/Server.swift,
				Data/ServerError.swift,
				Data/ServerTest.swift,
				Data/SharedDatabase.swift,
				Data/SSHClientActor.swift,
				Shared/Keychain.swift,
				"Shared/SSHClient+execute.swift",
			);
			target = 389343BF2D6474A00052277F /* TestsWidgetExtension */;
		};
		38BA4A832D467F1C005B6606 /* Exceptions for "ContainEye" folder in "ContainEye" target */ = {
			isa = PBXFileSystemSynchronizedBuildFileExceptionSet;
			membershipExceptions = (
				Info.plist,
			);
			target = 383319372D356EC0006CDAEA /* ContainEye */;
		};
/* End PBXFileSystemSynchronizedBuildFileExceptionSet section */

/* Begin PBXFileSystemSynchronizedRootGroup section */
		3833193A2D356EC0006CDAEA /* ContainEye */ = {
			isa = PBXFileSystemSynchronizedRootGroup;
			exceptions = (
				38BA4A832D467F1C005B6606 /* Exceptions for "ContainEye" folder in "ContainEye" target */,
				389343D52D6474ED0052277F /* Exceptions for "ContainEye" folder in "TestsWidgetExtension" target */,
			);
			path = ContainEye;
			sourceTree = "<group>";
		};
		3833194C2D356EC3006CDAEA /* ContainEyeTests */ = {
			isa = PBXFileSystemSynchronizedRootGroup;
			path = ContainEyeTests;
			sourceTree = "<group>";
		};
		383319562D356EC3006CDAEA /* ContainEyeUITests */ = {
			isa = PBXFileSystemSynchronizedRootGroup;
			path = ContainEyeUITests;
			sourceTree = "<group>";
		};
		389343C32D6474A00052277F /* TestsWidget */ = {
			isa = PBXFileSystemSynchronizedRootGroup;
			exceptions = (
				389343D32D6474A10052277F /* Exceptions for "TestsWidget" folder in "TestsWidgetExtension" target */,
			);
			path = TestsWidget;
			sourceTree = "<group>";
		};
/* End PBXFileSystemSynchronizedRootGroup section */

/* Begin PBXFrameworksBuildPhase section */
		383319352D356EC0006CDAEA /* Frameworks */ = {
			isa = PBXFrameworksBuildPhase;
			buildActionMask = 2147483647;
			files = (
				39F3A0012E00000100000001 /* SwiftSH in Frameworks */,
				384638BE2D40312100AA796B /* Citadel in Frameworks */,
				384638BB2D40310800AA796B /* KeychainAccess in Frameworks */,
				384638B82D4030F900AA796B /* ButtonKit in Frameworks */,
				380A104A2D438650009F3D42 /* Blackbird in Frameworks */,
				38CA62D52D83692D00323394 /* CSSH in Frameworks */,
				3804821C2DA15A3500193CF5 /* TelemetryDeck in Frameworks */,
			);
			runOnlyForDeploymentPostprocessing = 0;
		};
		383319462D356EC2006CDAEA /* Frameworks */ = {
			isa = PBXFrameworksBuildPhase;
			buildActionMask = 2147483647;
			files = (
			);
			runOnlyForDeploymentPostprocessing = 0;
		};
		383319502D356EC3006CDAEA /* Frameworks */ = {
			isa = PBXFrameworksBuildPhase;
			buildActionMask = 2147483647;
			files = (
			);
			runOnlyForDeploymentPostprocessing = 0;
		};
		389343BD2D6474A00052277F /* Frameworks */ = {
			isa = PBXFrameworksBuildPhase;
			buildActionMask = 2147483647;
			files = (
				389343EB2D6476EF0052277F /* Blackbird in Frameworks */,
				389343E72D6476EF0052277F /* KeychainAccess in Frameworks */,
				389343E92D6476EF0052277F /* Citadel in Frameworks */,
				389343D82D6475360052277F /* ButtonKit in Frameworks */,
				389343C12D6474A00052277F /* WidgetKit.framework in Frameworks */,
				380482212DA15B2800193CF5 /* TelemetryDeck in Frameworks */,
			);
			runOnlyForDeploymentPostprocessing = 0;
		};
/* End PBXFrameworksBuildPhase section */

/* Begin PBXGroup section */
		381E171C2D4D4201008BFDCD /* Frameworks */ = {
			isa = PBXGroup;
			children = (
				389097432D61F352001624D6 /* WidgetKit.framework */,
			);
			name = Frameworks;
			sourceTree = "<group>";
		};
		3833192F2D356EC0006CDAEA = {
			isa = PBXGroup;
			children = (
				3833193A2D356EC0006CDAEA /* ContainEye */,
				3833194C2D356EC3006CDAEA /* ContainEyeTests */,
				383319562D356EC3006CDAEA /* ContainEyeUITests */,
				389343C32D6474A00052277F /* TestsWidget */,
				381E171C2D4D4201008BFDCD /* Frameworks */,
				383319392D356EC0006CDAEA /* Products */,
			);
			sourceTree = "<group>";
		};
		383319392D356EC0006CDAEA /* Products */ = {
			isa = PBXGroup;
			children = (
				383319382D356EC0006CDAEA /* ContainEye.app */,
				383319492D356EC3006CDAEA /* ContainEyeTests.xctest */,
				383319532D356EC3006CDAEA /* ContainEyeUITests.xctest */,
				389343C02D6474A00052277F /* TestsWidgetExtension.appex */,
			);
			name = Products;
			sourceTree = "<group>";
		};
/* End PBXGroup section */

/* Begin PBXNativeTarget section */
		383319372D356EC0006CDAEA /* ContainEye */ = {
			isa = PBXNativeTarget;
			buildConfigurationList = 3833195D2D356EC3006CDAEA /* Build configuration list for PBXNativeTarget "ContainEye" */;
			buildPhases = (
				383319342D356EC0006CDAEA /* Sources */,
				383319352D356EC0006CDAEA /* Frameworks */,
				383319362D356EC0006CDAEA /* Resources */,
				381E17192D4D3E6D008BFDCD /* Embed ExtensionKit Extensions */,
			);
			buildRules = (
			);
			dependencies = (
			);
			fileSystemSynchronizedGroups = (
				3833193A2D356EC0006CDAEA /* ContainEye */,
			);
			name = ContainEye;
			packageProductDependencies = (
				384638B72D4030F900AA796B /* ButtonKit */,
				384638BA2D40310800AA796B /* KeychainAccess */,
				384638BD2D40312100AA796B /* Citadel */,
				380A10492D438650009F3D42 /* Blackbird */,
				38CA62D42D83692D00323394 /* CSSH */,
				39F3A0022E00000100000001 /* SwiftSH */,
				3804821B2DA15A3500193CF5 /* TelemetryDeck */,
			);
			productName = ContainEye;
			productReference = 383319382D356EC0006CDAEA /* ContainEye.app */;
			productType = "com.apple.product-type.application";
		};
		383319482D356EC2006CDAEA /* ContainEyeTests */ = {
			isa = PBXNativeTarget;
			buildConfigurationList = 383319602D356EC3006CDAEA /* Build configuration list for PBXNativeTarget "ContainEyeTests" */;
			buildPhases = (
				383319452D356EC2006CDAEA /* Sources */,
				383319462D356EC2006CDAEA /* Frameworks */,
				383319472D356EC2006CDAEA /* Resources */,
			);
			buildRules = (
			);
			dependencies = (
				3833194B2D356EC3006CDAEA /* PBXTargetDependency */,
			);
			fileSystemSynchronizedGroups = (
				3833194C2D356EC3006CDAEA /* ContainEyeTests */,
			);
			name = ContainEyeTests;
			packageProductDependencies = (
			);
			productName = ContainEyeTests;
			productReference = 383319492D356EC3006CDAEA /* ContainEyeTests.xctest */;
			productType = "com.apple.product-type.bundle.unit-test";
		};
		383319522D356EC3006CDAEA /* ContainEyeUITests */ = {
			isa = PBXNativeTarget;
			buildConfigurationList = 383319632D356EC3006CDAEA /* Build configuration list for PBXNativeTarget "ContainEyeUITests" */;
			buildPhases = (
				3833194F2D356EC3006CDAEA /* Sources */,
				383319502D356EC3006CDAEA /* Frameworks */,
				383319512D356EC3006CDAEA /* Resources */,
			);
			buildRules = (
			);
			dependencies = (
				383319552D356EC3006CDAEA /* PBXTargetDependency */,
			);
			fileSystemSynchronizedGroups = (
				383319562D356EC3006CDAEA /* ContainEyeUITests */,
			);
			name = ContainEyeUITests;
			packageProductDependencies = (
			);
			productName = ContainEyeUITests;
			productReference = 383319532D356EC3006CDAEA /* ContainEyeUITests.xctest */;
			productType = "com.apple.product-type.bundle.ui-testing";
		};
		389343BF2D6474A00052277F /* TestsWidgetExtension */ = {
			isa = PBXNativeTarget;
			buildConfigurationList = 389343D02D6474A10052277F /* Build configuration list for PBXNativeTarget "TestsWidgetExtension" */;
			buildPhases = (
				389343BC2D6474A00052277F /* Sources */,
				389343BD2D6474A00052277F /* Frameworks */,
				389343BE2D6474A00052277F /* Resources */,
			);
			buildRules = (
			);
			dependencies = (
			);
			fileSystemSynchronizedGroups = (
				389343C32D6474A00052277F /* TestsWidget */,
			);
			name = TestsWidgetExtension;
			packageProductDependencies = (
				389343D72D6475360052277F /* ButtonKit */,
				389343E62D6476EF0052277F /* KeychainAccess */,
				389343E82D6476EF0052277F /* Citadel */,
				389343EA2D6476EF0052277F /* Blackbird */,
				380482202DA15B2800193CF5 /* TelemetryDeck */,
			);
			productName = TestsWidgetExtension;
			productReference = 389343C02D6474A00052277F /* TestsWidgetExtension.appex */;
			productType = "com.apple.product-type.app-extension";
		};
/* End PBXNativeTarget section */

/* Begin PBXProject section */
		383319302D356EC0006CDAEA /* Project object */ = {
			isa = PBXProject;
			attributes = {
				BuildIndependentTargetsInParallel = 1;
				LastSwiftUpdateCheck = 1620;
				LastUpgradeCheck = 1630;
				TargetAttributes = {
					383319372D356EC0006CDAEA = {
						CreatedOnToolsVersion = 16.2;
					};
					383319482D356EC2006CDAEA = {
						CreatedOnToolsVersion = 16.2;
						TestTargetID = 383319372D356EC0006CDAEA;
					};
					383319522D356EC3006CDAEA = {
						CreatedOnToolsVersion = 16.2;
						TestTargetID = 383319372D356EC0006CDAEA;
					};
					389343BF2D6474A00052277F = {
						CreatedOnToolsVersion = 16.2;
					};
				};
			};
			buildConfigurationList = 383319332D356EC0006CDAEA /* Build configuration list for PBXProject "ContainEye" */;
			developmentRegion = en;
			hasScannedForEncodings = 0;
			knownRegions = (
				en,
				Base,
			);
			mainGroup = 3833192F2D356EC0006CDAEA;
			minimizedProjectReferenceProxies = 1;
			packageReferences = (
				384638B62D4030F900AA796B /* XCRemoteSwiftPackageReference "ButtonKit" */,
				384638B92D40310800AA796B /* XCRemoteSwiftPackageReference "KeychainAccess" */,
				384638BC2D40312100AA796B /* XCRemoteSwiftPackageReference "Citadel" */,
				380A10482D438650009F3D42 /* XCRemoteSwiftPackageReference "Blackbird" */,
				38CA62D32D83692D00323394 /* XCRemoteSwiftPackageReference "Libssh2Prebuild" */,
				39F3A0032E00000100000001 /* XCRemoteSwiftPackageReference "SwiftSH" */,
				3804821A2DA15A3500193CF5 /* XCRemoteSwiftPackageReference "SwiftSDK" */,
			);
			preferredProjectObjectVersion = 77;
			productRefGroup = 383319392D356EC0006CDAEA /* Products */;
			projectDirPath = "";
			projectRoot = "";
			targets = (
				383319372D356EC0006CDAEA /* ContainEye */,
				383319482D356EC2006CDAEA /* ContainEyeTests */,
				383319522D356EC3006CDAEA /* ContainEyeUITests */,
				389343BF2D6474A00052277F /* TestsWidgetExtension */,
			);
		};
/* End PBXProject section */

/* Begin PBXResourcesBuildPhase section */
		383319362D356EC0006CDAEA /* Resources */ = {
			isa = PBXResourcesBuildPhase;
			buildActionMask = 2147483647;
			files = (
			);
			runOnlyForDeploymentPostprocessing = 0;
		};
		383319472D356EC2006CDAEA /* Resources */ = {
			isa = PBXResourcesBuildPhase;
			buildActionMask = 2147483647;
			files = (
			);
			runOnlyForDeploymentPostprocessing = 0;
		};
		383319512D356EC3006CDAEA /* Resources */ = {
			isa = PBXResourcesBuildPhase;
			buildActionMask = 2147483647;
			files = (
			);
			runOnlyForDeploymentPostprocessing = 0;
		};
		389343BE2D6474A00052277F /* Resources */ = {
			isa = PBXResourcesBuildPhase;
			buildActionMask = 2147483647;
			files = (
			);
			runOnlyForDeploymentPostprocessing = 0;
		};
/* End PBXResourcesBuildPhase section */

/* Begin PBXSourcesBuildPhase section */
		383319342D356EC0006CDAEA /* Sources */ = {
			isa = PBXSourcesBuildPhase;
			buildActionMask = 2147483647;
			files = (
			);
			runOnlyForDeploymentPostprocessing = 0;
		};
		383319452D356EC2006CDAEA /* Sources */ = {
			isa = PBXSourcesBuildPhase;
			buildActionMask = 2147483647;
			files = (
			);
			runOnlyForDeploymentPostprocessing = 0;
		};
		3833194F2D356EC3006CDAEA /* Sources */ = {
			isa = PBXSourcesBuildPhase;
			buildActionMask = 2147483647;
			files = (
			);
			runOnlyForDeploymentPostprocessing = 0;
		};
		389343BC2D6474A00052277F /* Sources */ = {
			isa = PBXSourcesBuildPhase;
			buildActionMask = 2147483647;
			files = (
			);
			runOnlyForDeploymentPostprocessing = 0;
		};
/* End PBXSourcesBuildPhase section */

/* Begin PBXTargetDependency section */
		3833194B2D356EC3006CDAEA /* PBXTargetDependency */ = {
			isa = PBXTargetDependency;
			target = 383319372D356EC0006CDAEA /* ContainEye */;
			targetProxy = 3833194A2D356EC3006CDAEA /* PBXContainerItemProxy */;
		};
		383319552D356EC3006CDAEA /* PBXTargetDependency */ = {
			isa = PBXTargetDependency;
			target = 383319372D356EC0006CDAEA /* ContainEye */;
			targetProxy = 383319542D356EC3006CDAEA /* PBXContainerItemProxy */;
		};
/* End PBXTargetDependency section */

/* Begin XCBuildConfiguration section */
		3833195B2D356EC3006CDAEA /* Debug */ = {
			isa = XCBuildConfiguration;
			buildSettings = {
				ALWAYS_SEARCH_USER_PATHS = NO;
				ASSETCATALOG_COMPILER_GENERATE_SWIFT_ASSET_SYMBOL_EXTENSIONS = YES;
				CLANG_ANALYZER_NONNULL = YES;
				CLANG_ANALYZER_NUMBER_OBJECT_CONVERSION = YES_AGGRESSIVE;
				CLANG_CXX_LANGUAGE_STANDARD = "gnu++20";
				CLANG_ENABLE_MODULES = YES;
				CLANG_ENABLE_OBJC_ARC = YES;
				CLANG_ENABLE_OBJC_WEAK = YES;
				CLANG_WARN_BLOCK_CAPTURE_AUTORELEASING = YES;
				CLANG_WARN_BOOL_CONVERSION = YES;
				CLANG_WARN_COMMA = YES;
				CLANG_WARN_CONSTANT_CONVERSION = YES;
				CLANG_WARN_DEPRECATED_OBJC_IMPLEMENTATIONS = YES;
				CLANG_WARN_DIRECT_OBJC_ISA_USAGE = YES_ERROR;
				CLANG_WARN_DOCUMENTATION_COMMENTS = YES;
				CLANG_WARN_EMPTY_BODY = YES;
				CLANG_WARN_ENUM_CONVERSION = YES;
				CLANG_WARN_INFINITE_RECURSION = YES;
				CLANG_WARN_INT_CONVERSION = YES;
				CLANG_WARN_NON_LITERAL_NULL_CONVERSION = YES;
				CLANG_WARN_OBJC_IMPLICIT_RETAIN_SELF = YES;
				CLANG_WARN_OBJC_LITERAL_CONVERSION = YES;
				CLANG_WARN_OBJC_ROOT_CLASS = YES_ERROR;
				CLANG_WARN_QUOTED_INCLUDE_IN_FRAMEWORK_HEADER = YES;
				CLANG_WARN_RANGE_LOOP_ANALYSIS = YES;
				CLANG_WARN_STRICT_PROTOTYPES = YES;
				CLANG_WARN_SUSPICIOUS_MOVE = YES;
				CLANG_WARN_UNGUARDED_AVAILABILITY = YES_AGGRESSIVE;
				CLANG_WARN_UNREACHABLE_CODE = YES;
				CLANG_WARN__DUPLICATE_METHOD_MATCH = YES;
				COPY_PHASE_STRIP = NO;
				DEAD_CODE_STRIPPING = YES;
				DEBUG_INFORMATION_FORMAT = dwarf;
				DEVELOPMENT_TEAM = X5933694SW;
				ENABLE_STRICT_OBJC_MSGSEND = YES;
				ENABLE_TESTABILITY = YES;
				ENABLE_USER_SCRIPT_SANDBOXING = YES;
				GCC_C_LANGUAGE_STANDARD = gnu17;
				GCC_DYNAMIC_NO_PIC = NO;
				GCC_NO_COMMON_BLOCKS = YES;
				GCC_OPTIMIZATION_LEVEL = 0;
				GCC_PREPROCESSOR_DEFINITIONS = (
					"DEBUG=1",
					"$(inherited)",
				);
				GCC_WARN_64_TO_32_BIT_CONVERSION = YES;
				GCC_WARN_ABOUT_RETURN_TYPE = YES_ERROR;
				GCC_WARN_UNDECLARED_SELECTOR = YES;
				GCC_WARN_UNINITIALIZED_AUTOS = YES_AGGRESSIVE;
				GCC_WARN_UNUSED_FUNCTION = YES;
				GCC_WARN_UNUSED_VARIABLE = YES;
				LOCALIZATION_PREFERS_STRING_CATALOGS = YES;
				MTL_ENABLE_DEBUG_INFO = INCLUDE_SOURCE;
				MTL_FAST_MATH = YES;
				ONLY_ACTIVE_ARCH = YES;
				SWIFT_ACTIVE_COMPILATION_CONDITIONS = "DEBUG $(inherited)";
				SWIFT_OPTIMIZATION_LEVEL = "-Onone";
			};
			name = Debug;
		};
		3833195C2D356EC3006CDAEA /* Release */ = {
			isa = XCBuildConfiguration;
			buildSettings = {
				ALWAYS_SEARCH_USER_PATHS = NO;
				ASSETCATALOG_COMPILER_GENERATE_SWIFT_ASSET_SYMBOL_EXTENSIONS = YES;
				CLANG_ANALYZER_NONNULL = YES;
				CLANG_ANALYZER_NUMBER_OBJECT_CONVERSION = YES_AGGRESSIVE;
				CLANG_CXX_LANGUAGE_STANDARD = "gnu++20";
				CLANG_ENABLE_MODULES = YES;
				CLANG_ENABLE_OBJC_ARC = YES;
				CLANG_ENABLE_OBJC_WEAK = YES;
				CLANG_WARN_BLOCK_CAPTURE_AUTORELEASING = YES;
				CLANG_WARN_BOOL_CONVERSION = YES;
				CLANG_WARN_COMMA = YES;
				CLANG_WARN_CONSTANT_CONVERSION = YES;
				CLANG_WARN_DEPRECATED_OBJC_IMPLEMENTATIONS = YES;
				CLANG_WARN_DIRECT_OBJC_ISA_USAGE = YES_ERROR;
				CLANG_WARN_DOCUMENTATION_COMMENTS = YES;
				CLANG_WARN_EMPTY_BODY = YES;
				CLANG_WARN_ENUM_CONVERSION = YES;
				CLANG_WARN_INFINITE_RECURSION = YES;
				CLANG_WARN_INT_CONVERSION = YES;
				CLANG_WARN_NON_LITERAL_NULL_CONVERSION = YES;
				CLANG_WARN_OBJC_IMPLICIT_RETAIN_SELF = YES;
				CLANG_WARN_OBJC_LITERAL_CONVERSION = YES;
				CLANG_WARN_OBJC_ROOT_CLASS = YES_ERROR;
				CLANG_WARN_QUOTED_INCLUDE_IN_FRAMEWORK_HEADER = YES;
				CLANG_WARN_RANGE_LOOP_ANALYSIS = YES;
				CLANG_WARN_STRICT_PROTOTYPES = YES;
				CLANG_WARN_SUSPICIOUS_MOVE = YES;
				CLANG_WARN_UNGUARDED_AVAILABILITY = YES_AGGRESSIVE;
				CLANG_WARN_UNREACHABLE_CODE = YES;
				CLANG_WARN__DUPLICATE_METHOD_MATCH = YES;
				COPY_PHASE_STRIP = NO;
				DEAD_CODE_STRIPPING = YES;
				DEBUG_INFORMATION_FORMAT = "dwarf-with-dsym";
				DEVELOPMENT_TEAM = X5933694SW;
				ENABLE_NS_ASSERTIONS = NO;
				ENABLE_STRICT_OBJC_MSGSEND = YES;
				ENABLE_USER_SCRIPT_SANDBOXING = YES;
				GCC_C_LANGUAGE_STANDARD = gnu17;
				GCC_NO_COMMON_BLOCKS = YES;
				GCC_WARN_64_TO_32_BIT_CONVERSION = YES;
				GCC_WARN_ABOUT_RETURN_TYPE = YES_ERROR;
				GCC_WARN_UNDECLARED_SELECTOR = YES;
				GCC_WARN_UNINITIALIZED_AUTOS = YES_AGGRESSIVE;
				GCC_WARN_UNUSED_FUNCTION = YES;
				GCC_WARN_UNUSED_VARIABLE = YES;
				LOCALIZATION_PREFERS_STRING_CATALOGS = YES;
				MTL_ENABLE_DEBUG_INFO = NO;
				MTL_FAST_MATH = YES;
				SWIFT_COMPILATION_MODE = wholemodule;
			};
			name = Release;
		};
		3833195E2D356EC3006CDAEA /* Debug */ = {
			isa = XCBuildConfiguration;
			buildSettings = {
				ASSETCATALOG_COMPILER_APPICON_NAME = AppIcon;
				ASSETCATALOG_COMPILER_GLOBAL_ACCENT_COLOR_NAME = AccentColor;
				CODE_SIGN_ENTITLEMENTS = ContainEye/ContainEye.entitlements;
				CODE_SIGN_STYLE = Automatic;
				CURRENT_PROJECT_VERSION = 1;
				DEAD_CODE_STRIPPING = YES;
				DEVELOPMENT_ASSET_PATHS = "\"ContainEye/Preview Content\"";
				ENABLE_HARDENED_RUNTIME = YES;
				ENABLE_PREVIEWS = YES;
				GENERATE_INFOPLIST_FILE = YES;
				INFOPLIST_FILE = ContainEye/Info.plist;
				"INFOPLIST_KEY_UIApplicationSceneManifest_Generation[sdk=iphoneos*]" = NO;
				"INFOPLIST_KEY_UIApplicationSceneManifest_Generation[sdk=iphonesimulator*]" = NO;
				"INFOPLIST_KEY_UIApplicationSceneManifest_Generation[sdk=macosx*]" = NO;
				"INFOPLIST_KEY_UIApplicationSupportsIndirectInputEvents[sdk=iphoneos*]" = YES;
				"INFOPLIST_KEY_UIApplicationSupportsIndirectInputEvents[sdk=iphonesimulator*]" = YES;
				"INFOPLIST_KEY_UILaunchScreen_Generation[sdk=iphoneos*]" = YES;
				"INFOPLIST_KEY_UILaunchScreen_Generation[sdk=iphonesimulator*]" = YES;
				"INFOPLIST_KEY_UIStatusBarStyle[sdk=iphoneos*]" = UIStatusBarStyleDefault;
				"INFOPLIST_KEY_UIStatusBarStyle[sdk=iphonesimulator*]" = UIStatusBarStyleDefault;
				INFOPLIST_KEY_UISupportedInterfaceOrientations = UIInterfaceOrientationPortrait;
				INFOPLIST_KEY_UISupportedInterfaceOrientations_iPad = "UIInterfaceOrientationLandscapeLeft UIInterfaceOrientationLandscapeRight UIInterfaceOrientationPortrait UIInterfaceOrientationPortraitUpsideDown";
				IPHONEOS_DEPLOYMENT_TARGET = 26.0;
				LD_RUNPATH_SEARCH_PATHS = "@executable_path/Frameworks";
				"LD_RUNPATH_SEARCH_PATHS[sdk=macosx*]" = "@executable_path/../Frameworks";
				MACOSX_DEPLOYMENT_TARGET = 15.0;
				MARKETING_VERSION = 13;
				PRODUCT_BUNDLE_IDENTIFIER = com.nagel.ContainEye;
				PRODUCT_NAME = "$(TARGET_NAME)";
				REGISTER_APP_GROUPS = YES;
				SDKROOT = auto;
				SUPPORTED_PLATFORMS = "iphoneos iphonesimulator macosx xros xrsimulator";
				SUPPORTS_MACCATALYST = YES;
				SUPPORTS_MAC_DESIGNED_FOR_IPHONE_IPAD = YES;
				SWIFT_EMIT_LOC_STRINGS = YES;
				SWIFT_TREAT_WARNINGS_AS_ERRORS = YES;
				SWIFT_VERSION = 5.0;
				TARGETED_DEVICE_FAMILY = "1,2,7";
				XROS_DEPLOYMENT_TARGET = 2.2;
			};
			name = Debug;
		};
		3833195F2D356EC3006CDAEA /* Release */ = {
			isa = XCBuildConfiguration;
			buildSettings = {
				ASSETCATALOG_COMPILER_APPICON_NAME = AppIcon;
				ASSETCATALOG_COMPILER_GLOBAL_ACCENT_COLOR_NAME = AccentColor;
				CODE_SIGN_ENTITLEMENTS = ContainEye/ContainEye.entitlements;
				CODE_SIGN_STYLE = Automatic;
				CURRENT_PROJECT_VERSION = 1;
				DEAD_CODE_STRIPPING = YES;
				DEVELOPMENT_ASSET_PATHS = "\"ContainEye/Preview Content\"";
				ENABLE_HARDENED_RUNTIME = YES;
				ENABLE_PREVIEWS = YES;
				GENERATE_INFOPLIST_FILE = YES;
				INFOPLIST_FILE = ContainEye/Info.plist;
				"INFOPLIST_KEY_UIApplicationSceneManifest_Generation[sdk=iphoneos*]" = NO;
				"INFOPLIST_KEY_UIApplicationSceneManifest_Generation[sdk=iphonesimulator*]" = NO;
				"INFOPLIST_KEY_UIApplicationSceneManifest_Generation[sdk=macosx*]" = NO;
				"INFOPLIST_KEY_UIApplicationSupportsIndirectInputEvents[sdk=iphoneos*]" = YES;
				"INFOPLIST_KEY_UIApplicationSupportsIndirectInputEvents[sdk=iphonesimulator*]" = YES;
				"INFOPLIST_KEY_UILaunchScreen_Generation[sdk=iphoneos*]" = YES;
				"INFOPLIST_KEY_UILaunchScreen_Generation[sdk=iphonesimulator*]" = YES;
				"INFOPLIST_KEY_UIStatusBarStyle[sdk=iphoneos*]" = UIStatusBarStyleDefault;
				"INFOPLIST_KEY_UIStatusBarStyle[sdk=iphonesimulator*]" = UIStatusBarStyleDefault;
				INFOPLIST_KEY_UISupportedInterfaceOrientations = UIInterfaceOrientationPortrait;
				INFOPLIST_KEY_UISupportedInterfaceOrientations_iPad = "UIInterfaceOrientationLandscapeLeft UIInterfaceOrientationLandscapeRight UIInterfaceOrientationPortrait UIInterfaceOrientationPortraitUpsideDown";
				IPHONEOS_DEPLOYMENT_TARGET = 26.0;
				LD_RUNPATH_SEARCH_PATHS = "@executable_path/Frameworks";
				"LD_RUNPATH_SEARCH_PATHS[sdk=macosx*]" = "@executable_path/../Frameworks";
				MACOSX_DEPLOYMENT_TARGET = 15.0;
				MARKETING_VERSION = 13;
				PRODUCT_BUNDLE_IDENTIFIER = com.nagel.ContainEye;
				PRODUCT_NAME = "$(TARGET_NAME)";
				REGISTER_APP_GROUPS = YES;
				SDKROOT = auto;
				SUPPORTED_PLATFORMS = "iphoneos iphonesimulator macosx xros xrsimulator";
				SUPPORTS_MACCATALYST = YES;
				SUPPORTS_MAC_DESIGNED_FOR_IPHONE_IPAD = YES;
				SWIFT_EMIT_LOC_STRINGS = YES;
				SWIFT_TREAT_WARNINGS_AS_ERRORS = YES;
				SWIFT_VERSION = 5.0;
				TARGETED_DEVICE_FAMILY = "1,2,7";
				XROS_DEPLOYMENT_TARGET = 2.2;
			};
			name = Release;
		};
		383319612D356EC3006CDAEA /* Debug */ = {
			isa = XCBuildConfiguration;
			buildSettings = {
				BUNDLE_LOADER = "$(TEST_HOST)";
				CODE_SIGN_STYLE = Automatic;
				CURRENT_PROJECT_VERSION = 1;
				DEAD_CODE_STRIPPING = YES;
				GENERATE_INFOPLIST_FILE = YES;
				IPHONEOS_DEPLOYMENT_TARGET = 26.0;
				MACOSX_DEPLOYMENT_TARGET = 15.2;
				MARKETING_VERSION = 1.0;
				PRODUCT_BUNDLE_IDENTIFIER = com.nagel.ContainEyeTests;
				PRODUCT_NAME = "$(TARGET_NAME)";
				SDKROOT = auto;
				SUPPORTED_PLATFORMS = "iphoneos iphonesimulator macosx xros xrsimulator";
				SWIFT_EMIT_LOC_STRINGS = NO;
				SWIFT_VERSION = 5.0;
				TARGETED_DEVICE_FAMILY = "1,2,7";
				TEST_HOST = "$(BUILT_PRODUCTS_DIR)/ContainEye.app/$(BUNDLE_EXECUTABLE_FOLDER_PATH)/ContainEye";
				XROS_DEPLOYMENT_TARGET = 2.2;
			};
			name = Debug;
		};
		383319622D356EC3006CDAEA /* Release */ = {
			isa = XCBuildConfiguration;
			buildSettings = {
				BUNDLE_LOADER = "$(TEST_HOST)";
				CODE_SIGN_STYLE = Automatic;
				CURRENT_PROJECT_VERSION = 1;
				DEAD_CODE_STRIPPING = YES;
				GENERATE_INFOPLIST_FILE = YES;
				IPHONEOS_DEPLOYMENT_TARGET = 26.0;
				MACOSX_DEPLOYMENT_TARGET = 15.2;
				MARKETING_VERSION = 1.0;
				PRODUCT_BUNDLE_IDENTIFIER = com.nagel.ContainEyeTests;
				PRODUCT_NAME = "$(TARGET_NAME)";
				SDKROOT = auto;
				SUPPORTED_PLATFORMS = "iphoneos iphonesimulator macosx xros xrsimulator";
				SWIFT_EMIT_LOC_STRINGS = NO;
				SWIFT_VERSION = 5.0;
				TARGETED_DEVICE_FAMILY = "1,2,7";
				TEST_HOST = "$(BUILT_PRODUCTS_DIR)/ContainEye.app/$(BUNDLE_EXECUTABLE_FOLDER_PATH)/ContainEye";
				XROS_DEPLOYMENT_TARGET = 2.2;
			};
			name = Release;
		};
		383319642D356EC3006CDAEA /* Debug */ = {
			isa = XCBuildConfiguration;
			buildSettings = {
				CODE_SIGN_STYLE = Automatic;
				CURRENT_PROJECT_VERSION = 1;
				DEAD_CODE_STRIPPING = YES;
				GENERATE_INFOPLIST_FILE = YES;
				IPHONEOS_DEPLOYMENT_TARGET = 26.0;
				MACOSX_DEPLOYMENT_TARGET = 15.2;
				MARKETING_VERSION = 1.0;
				PRODUCT_BUNDLE_IDENTIFIER = com.nagel.ContainEyeUITests;
				PRODUCT_NAME = "$(TARGET_NAME)";
				SDKROOT = auto;
				SUPPORTED_PLATFORMS = "iphoneos iphonesimulator macosx xros xrsimulator";
				SWIFT_EMIT_LOC_STRINGS = NO;
				SWIFT_VERSION = 5.0;
				TARGETED_DEVICE_FAMILY = "1,2,7";
				TEST_TARGET_NAME = ContainEye;
				XROS_DEPLOYMENT_TARGET = 2.2;
			};
			name = Debug;
		};
		383319652D356EC3006CDAEA /* Release */ = {
			isa = XCBuildConfiguration;
			buildSettings = {
				CODE_SIGN_STYLE = Automatic;
				CURRENT_PROJECT_VERSION = 1;
				DEAD_CODE_STRIPPING = YES;
				GENERATE_INFOPLIST_FILE = YES;
				IPHONEOS_DEPLOYMENT_TARGET = 26.0;
				MACOSX_DEPLOYMENT_TARGET = 15.2;
				MARKETING_VERSION = 1.0;
				PRODUCT_BUNDLE_IDENTIFIER = com.nagel.ContainEyeUITests;
				PRODUCT_NAME = "$(TARGET_NAME)";
				SDKROOT = auto;
				SUPPORTED_PLATFORMS = "iphoneos iphonesimulator macosx xros xrsimulator";
				SWIFT_EMIT_LOC_STRINGS = NO;
				SWIFT_VERSION = 5.0;
				TARGETED_DEVICE_FAMILY = "1,2,7";
				TEST_TARGET_NAME = ContainEye;
				XROS_DEPLOYMENT_TARGET = 2.2;
			};
			name = Release;
		};
		389343D12D6474A10052277F /* Debug */ = {
			isa = XCBuildConfiguration;
			buildSettings = {
				ASSETCATALOG_COMPILER_GLOBAL_ACCENT_COLOR_NAME = AccentColor;
				ASSETCATALOG_COMPILER_WIDGET_BACKGROUND_COLOR_NAME = WidgetBackground;
				CODE_SIGN_ENTITLEMENTS = TestsWidget/TestsWidgetExtension.entitlements;
				CODE_SIGN_STYLE = Automatic;
				CURRENT_PROJECT_VERSION = 1;
				GENERATE_INFOPLIST_FILE = YES;
				INFOPLIST_FILE = TestsWidget/Info.plist;
				INFOPLIST_KEY_CFBundleDisplayName = TestsWidget;
				INFOPLIST_KEY_NSHumanReadableCopyright = "";
				IPHONEOS_DEPLOYMENT_TARGET = 26.0;
				LD_RUNPATH_SEARCH_PATHS = (
					"$(inherited)",
					"@executable_path/Frameworks",
					"@executable_path/../../Frameworks",
				);
				MARKETING_VERSION = 13;
				PRODUCT_BUNDLE_IDENTIFIER = com.nagel.ContainEye.TestsWidget;
				PRODUCT_NAME = "$(TARGET_NAME)";
				REGISTER_APP_GROUPS = YES;
				SDKROOT = iphoneos;
				SKIP_INSTALL = YES;
				SUPPORTED_PLATFORMS = "iphoneos iphonesimulator";
				SUPPORTS_MACCATALYST = NO;
				SUPPORTS_MAC_DESIGNED_FOR_IPHONE_IPAD = YES;
				SUPPORTS_XR_DESIGNED_FOR_IPHONE_IPAD = NO;
				SWIFT_EMIT_LOC_STRINGS = YES;
				SWIFT_VERSION = 5.0;
				TARGETED_DEVICE_FAMILY = "1,2";
			};
			name = Debug;
		};
		389343D22D6474A10052277F /* Release */ = {
			isa = XCBuildConfiguration;
			buildSettings = {
				ASSETCATALOG_COMPILER_GLOBAL_ACCENT_COLOR_NAME = AccentColor;
				ASSETCATALOG_COMPILER_WIDGET_BACKGROUND_COLOR_NAME = WidgetBackground;
				CODE_SIGN_ENTITLEMENTS = TestsWidget/TestsWidgetExtension.entitlements;
				CODE_SIGN_STYLE = Automatic;
				CURRENT_PROJECT_VERSION = 1;
				GENERATE_INFOPLIST_FILE = YES;
				INFOPLIST_FILE = TestsWidget/Info.plist;
				INFOPLIST_KEY_CFBundleDisplayName = TestsWidget;
				INFOPLIST_KEY_NSHumanReadableCopyright = "";
				IPHONEOS_DEPLOYMENT_TARGET = 26.0;
				LD_RUNPATH_SEARCH_PATHS = (
					"$(inherited)",
					"@executable_path/Frameworks",
					"@executable_path/../../Frameworks",
				);
				MARKETING_VERSION = 13;
				PRODUCT_BUNDLE_IDENTIFIER = com.nagel.ContainEye.TestsWidget;
				PRODUCT_NAME = "$(TARGET_NAME)";
				REGISTER_APP_GROUPS = YES;
				SDKROOT = iphoneos;
				SKIP_INSTALL = YES;
				SUPPORTED_PLATFORMS = "iphoneos iphonesimulator";
				SUPPORTS_MACCATALYST = NO;
				SUPPORTS_MAC_DESIGNED_FOR_IPHONE_IPAD = YES;
				SUPPORTS_XR_DESIGNED_FOR_IPHONE_IPAD = NO;
				SWIFT_EMIT_LOC_STRINGS = YES;
				SWIFT_VERSION = 5.0;
				TARGETED_DEVICE_FAMILY = "1,2";
				VALIDATE_PRODUCT = YES;
			};
			name = Release;
		};
/* End XCBuildConfiguration section */

/* Begin XCConfigurationList section */
		383319332D356EC0006CDAEA /* Build configuration list for PBXProject "ContainEye" */ = {
			isa = XCConfigurationList;
			buildConfigurations = (
				3833195B2D356EC3006CDAEA /* Debug */,
				3833195C2D356EC3006CDAEA /* Release */,
			);
			defaultConfigurationIsVisible = 0;
			defaultConfigurationName = Release;
		};
		3833195D2D356EC3006CDAEA /* Build configuration list for PBXNativeTarget "ContainEye" */ = {
			isa = XCConfigurationList;
			buildConfigurations = (
				3833195E2D356EC3006CDAEA /* Debug */,
				3833195F2D356EC3006CDAEA /* Release */,
			);
			defaultConfigurationIsVisible = 0;
			defaultConfigurationName = Release;
		};
		383319602D356EC3006CDAEA /* Build configuration list for PBXNativeTarget "ContainEyeTests" */ = {
			isa = XCConfigurationList;
			buildConfigurations = (
				383319612D356EC3006CDAEA /* Debug */,
				383319622D356EC3006CDAEA /* Release */,
			);
			defaultConfigurationIsVisible = 0;
			defaultConfigurationName = Release;
		};
		383319632D356EC3006CDAEA /* Build configuration list for PBXNativeTarget "ContainEyeUITests" */ = {
			isa = XCConfigurationList;
			buildConfigurations = (
				383319642D356EC3006CDAEA /* Debug */,
				383319652D356EC3006CDAEA /* Release */,
			);
			defaultConfigurationIsVisible = 0;
			defaultConfigurationName = Release;
		};
		389343D02D6474A10052277F /* Build configuration list for PBXNativeTarget "TestsWidgetExtension" */ = {
			isa = XCConfigurationList;
			buildConfigurations = (
				389343D12D6474A10052277F /* Debug */,
				389343D22D6474A10052277F /* Release */,
			);
			defaultConfigurationIsVisible = 0;
			defaultConfigurationName = Release;
		};
/* End XCConfigurationList section */

/* Begin XCRemoteSwiftPackageReference section */
		3804821A2DA15A3500193CF5 /* XCRemoteSwiftPackageReference "SwiftSDK" */ = {
			isa = XCRemoteSwiftPackageReference;
			repositoryURL = "https://github.com/TelemetryDeck/SwiftSDK";
			requirement = {
				kind = upToNextMajorVersion;
				minimumVersion = 2.9.2;
			};
		};
		380A10482D438650009F3D42 /* XCRemoteSwiftPackageReference "Blackbird" */ = {
			isa = XCRemoteSwiftPackageReference;
			repositoryURL = "https://github.com/marcoarment/Blackbird.git";
			requirement = {
				kind = upToNextMajorVersion;
				minimumVersion = 0.5.0;
			};
		};
		384638B62D4030F900AA796B /* XCRemoteSwiftPackageReference "ButtonKit" */ = {
			isa = XCRemoteSwiftPackageReference;
			repositoryURL = "https://github.com/Dean151/ButtonKit.git";
			requirement = {
				kind = upToNextMajorVersion;
				minimumVersion = 0.5.3;
			};
		};
		384638B92D40310800AA796B /* XCRemoteSwiftPackageReference "KeychainAccess" */ = {
			isa = XCRemoteSwiftPackageReference;
			repositoryURL = "https://github.com/kishikawakatsumi/KeychainAccess.git";
			requirement = {
				branch = master;
				kind = branch;
			};
		};
		384638BC2D40312100AA796B /* XCRemoteSwiftPackageReference "Citadel" */ = {
			isa = XCRemoteSwiftPackageReference;
			repositoryURL = "https://github.com/orlandos-nl/Citadel.git";
			requirement = {
				kind = upToNextMajorVersion;
				minimumVersion = 0.9.2;
			};
		};
		38CA62D32D83692D00323394 /* XCRemoteSwiftPackageReference "Libssh2Prebuild" */ = {
			isa = XCRemoteSwiftPackageReference;
			repositoryURL = "https://github.com/migueldeicaza/Libssh2Prebuild";
			requirement = {
				branch = master;
				kind = branch;
			};
		};
		39F3A0032E00000100000001 /* XCRemoteSwiftPackageReference "SwiftSH" */ = {
			isa = XCRemoteSwiftPackageReference;
			repositoryURL = "https://github.com/migueldeicaza/SwiftSH";
			requirement = {
				kind = upToNextMajorVersion;
				minimumVersion = 0.2.0;
			};
		};
/* End XCRemoteSwiftPackageReference section */

/* Begin XCSwiftPackageProductDependency section */
		3804821B2DA15A3500193CF5 /* TelemetryDeck */ = {
			isa = XCSwiftPackageProductDependency;
			package = 3804821A2DA15A3500193CF5 /* XCRemoteSwiftPackageReference "SwiftSDK" */;
			productName = TelemetryDeck;
		};
		380482202DA15B2800193CF5 /* TelemetryDeck */ = {
			isa = XCSwiftPackageProductDependency;
			package = 3804821A2DA15A3500193CF5 /* XCRemoteSwiftPackageReference "SwiftSDK" */;
			productName = TelemetryDeck;
		};
		380A10492D438650009F3D42 /* Blackbird */ = {
			isa = XCSwiftPackageProductDependency;
			package = 380A10482D438650009F3D42 /* XCRemoteSwiftPackageReference "Blackbird" */;
			productName = Blackbird;
		};
		384638B72D4030F900AA796B /* ButtonKit */ = {
			isa = XCSwiftPackageProductDependency;
			package = 384638B62D4030F900AA796B /* XCRemoteSwiftPackageReference "ButtonKit" */;
			productName = ButtonKit;
		};
		384638BA2D40310800AA796B /* KeychainAccess */ = {
			isa = XCSwiftPackageProductDependency;
			package = 384638B92D40310800AA796B /* XCRemoteSwiftPackageReference "KeychainAccess" */;
			productName = KeychainAccess;
		};
		384638BD2D40312100AA796B /* Citadel */ = {
			isa = XCSwiftPackageProductDependency;
			package = 384638BC2D40312100AA796B /* XCRemoteSwiftPackageReference "Citadel" */;
			productName = Citadel;
		};
		389343D72D6475360052277F /* ButtonKit */ = {
			isa = XCSwiftPackageProductDependency;
			package = 384638B62D4030F900AA796B /* XCRemoteSwiftPackageReference "ButtonKit" */;
			productName = ButtonKit;
		};
		389343E62D6476EF0052277F /* KeychainAccess */ = {
			isa = XCSwiftPackageProductDependency;
			package = 384638B92D40310800AA796B /* XCRemoteSwiftPackageReference "KeychainAccess" */;
			productName = KeychainAccess;
		};
		389343E82D6476EF0052277F /* Citadel */ = {
			isa = XCSwiftPackageProductDependency;
			package = 384638BC2D40312100AA796B /* XCRemoteSwiftPackageReference "Citadel" */;
			productName = Citadel;
		};
		389343EA2D6476EF0052277F /* Blackbird */ = {
			isa = XCSwiftPackageProductDependency;
			package = 380A10482D438650009F3D42 /* XCRemoteSwiftPackageReference "Blackbird" */;
			productName = Blackbird;
		};
		38CA62D42D83692D00323394 /* CSSH */ = {
			isa = XCSwiftPackageProductDependency;
			package = 38CA62D32D83692D00323394 /* XCRemoteSwiftPackageReference "Libssh2Prebuild" */;
			productName = CSSH;
		};
		39F3A0022E00000100000001 /* SwiftSH */ = {
			isa = XCSwiftPackageProductDependency;
			package = 39F3A0032E00000100000001 /* XCRemoteSwiftPackageReference "SwiftSH" */;
			productName = SwiftSH;
		};
/* End XCSwiftPackageProductDependency section */
	};
	rootObject = 383319302D356EC0006CDAEA /* Project object */;
}
